# @generated - this file is auto-generated by `mise lock` https://mise.jdx.dev/dev-tools/mise-lock.html

[[tools.age]]
version = "1.3.1"
backend = "aqua:FiloSottile/age"

[tools.age."platforms.linux-arm64"]
checksum = "sha256:c6878a324421b69e3e20b00ba17c04bc5c6dab0030cfe55bf8f68fa8d9e9093a"
url = "https://github.com/FiloSottile/age/releases/download/v1.3.1/age-v1.3.1-linux-arm64.tar.gz"
url_api = "https://api.github.com/repos/FiloSottile/age/releases/assets/333752668"
provenance = "github-attestations"

[tools.age."platforms.linux-arm64-musl"]
checksum = "sha256:c6878a324421b69e3e20b00ba17c04bc5c6dab0030cfe55bf8f68fa8d9e9093a"
url = "https://github.com/FiloSottile/age/releases/download/v1.3.1/age-v1.3.1-linux-arm64.tar.gz"
url_api = "https://api.github.com/repos/FiloSottile/age/releases/assets/333752668"
provenance = "github-attestations"

[tools.age."platforms.linux-x64"]
checksum = "sha256:bdc69c09cbdd6cf8b1f333d372a1f58247b3a33146406333e30c0f26e8f51377"
url = "https://github.com/FiloSottile/age/releases/download/v1.3.1/age-v1.3.1-linux-amd64.tar.gz"
url_api = "https://api.github.com/repos/FiloSottile/age/releases/assets/333752671"
provenance = "github-attestations"

[tools.age."platforms.linux-x64-musl"]
checksum = "sha256:bdc69c09cbdd6cf8b1f333d372a1f58247b3a33146406333e30c0f26e8f51377"
url = "https://github.com/FiloSottile/age/releases/download/v1.3.1/age-v1.3.1-linux-amd64.tar.gz"
url_api = "https://api.github.com/repos/FiloSottile/age/releases/assets/333752671"
provenance = "github-attestations"

[tools.age."platforms.macos-arm64"]
checksum = "sha256:01120ea2cbf0463d4c6bd767f99f3271bbed1cdc8a9aa718a76ba1fe4f01998b"
url = "https://github.com/FiloSottile/age/releases/download/v1.3.1/age-v1.3.1-darwin-arm64.tar.gz"
url_api = "https://api.github.com/repos/FiloSottile/age/releases/assets/333752669"
provenance = "github-attestations"

[tools.age."platforms.macos-x64"]
checksum = "sha256:2b233301ad21ab7b1eabd9ae1198a164005fa4928fcdd745d47c39f8593209d7"
url = "https://github.com/FiloSottile/age/releases/download/v1.3.1/age-v1.3.1-darwin-amd64.tar.gz"
url_api = "https://api.github.com/repos/FiloSottile/age/releases/assets/343881260"
provenance = "github-attestations"

[tools.age."platforms.windows-x64"]
checksum = "sha256:c56e8ce22f7e80cb85ad946cc82d198767b056366201d3e1a2b93d865be38154"
url = "https://github.com/FiloSottile/age/releases/download/v1.3.1/age-v1.3.1-windows-amd64.zip"
url_api = "https://api.github.com/repos/FiloSottile/age/releases/assets/333752673"
provenance = "github-attestations"

[[tools."aqua:kyverno/chainsaw"]]
version = "0.2.15"
backend = "aqua:kyverno/chainsaw"

[tools."aqua:kyverno/chainsaw"."platforms.linux-arm64"]
checksum = "sha256:fecf5f3ea74d11da2cd5d95a4c016d5d2543cbc4844ce21adf5e727e7ffd9e44"
url = "https://github.com/kyverno/chainsaw/releases/download/v0.2.15/chainsaw_linux_arm64.tar.gz"
url_api = "https://api.github.com/repos/kyverno/chainsaw/releases/assets/413798806"

[tools."aqua:kyverno/chainsaw"."platforms.linux-arm64".provenance.slsa]
url = "https://github.com/kyverno/chainsaw/releases/download/v0.2.15/multiple.intoto.jsonl"

[tools."aqua:kyverno/chainsaw"."platforms.linux-arm64-musl"]
checksum = "sha256:fecf5f3ea74d11da2cd5d95a4c016d5d2543cbc4844ce21adf5e727e7ffd9e44"
url = "https://github.com/kyverno/chainsaw/releases/download/v0.2.15/chainsaw_linux_arm64.tar.gz"
url_api = "https://api.github.com/repos/kyverno/chainsaw/releases/assets/413798806"

[tools."aqua:kyverno/chainsaw"."platforms.linux-arm64-musl".provenance.slsa]
url = "https://github.com/kyverno/chainsaw/releases/download/v0.2.15/multiple.intoto.jsonl"

[tools."aqua:kyverno/chainsaw"."platforms.linux-x64"]
checksum = "sha256:295d226c89f126c0a97775d364be149f47a810c8a3f9829ee410583d0c1abe3c"
url = "https://github.com/kyverno/chainsaw/releases/download/v0.2.15/chainsaw_linux_amd64.tar.gz"
url_api = "https://api.github.com/repos/kyverno/chainsaw/releases/assets/413798796"

[tools."aqua:kyverno/chainsaw"."platforms.linux-x64".provenance.slsa]
url = "https://github.com/kyverno/chainsaw/releases/download/v0.2.15/multiple.intoto.jsonl"

[tools."aqua:kyverno/chainsaw"."platforms.linux-x64-musl"]
checksum = "sha256:295d226c89f126c0a97775d364be149f47a810c8a3f9829ee410583d0c1abe3c"
url = "https://github.com/kyverno/chainsaw/releases/download/v0.2.15/chainsaw_linux_amd64.tar.gz"
url_api = "https://api.github.com/repos/kyverno/chainsaw/releases/assets/413798796"

[tools."aqua:kyverno/chainsaw"."platforms.linux-x64-musl".provenance.slsa]
url = "https://github.com/kyverno/chainsaw/releases/download/v0.2.15/multiple.intoto.jsonl"

[tools."aqua:kyverno/chainsaw"."platforms.macos-arm64"]
checksum = "sha256:502bef17dd822217e82590e9ccf01c1e26a56b3fa34a835789b9af73e82a169a"
url = "https://github.com/kyverno/chainsaw/releases/download/v0.2.15/chainsaw_darwin_arm64.tar.gz"
url_api = "https://api.github.com/repos/kyverno/chainsaw/releases/assets/413798810"

[tools."aqua:kyverno/chainsaw"."platforms.macos-arm64".provenance.slsa]
url = "https://github.com/kyverno/chainsaw/releases/download/v0.2.15/multiple.intoto.jsonl"

[tools."aqua:kyverno/chainsaw"."platforms.macos-x64"]
checksum = "sha256:ddb56002ff8c6265f55ec40c82eb0ef0dddec5127dd12d4fc5e7953453481f4b"
url = "https://github.com/kyverno/chainsaw/releases/download/v0.2.15/chainsaw_darwin_amd64.tar.gz"
url_api = "https://api.github.com/repos/kyverno/chainsaw/releases/assets/413798790"

[tools."aqua:kyverno/chainsaw"."platforms.macos-x64".provenance.slsa]
url = "https://github.com/kyverno/chainsaw/releases/download/v0.2.15/multiple.intoto.jsonl"

[tools."aqua:kyverno/chainsaw"."platforms.windows-x64"]
checksum = "sha256:02e7d519c4e815c89dc8a4b14e2b70474d5301f514e721c0e5b3062f67294229"
url = "https://github.com/kyverno/chainsaw/releases/download/v0.2.15/chainsaw_windows_amd64.tar.gz"
url_api = "https://api.github.com/repos/kyverno/chainsaw/releases/assets/413798771"

[tools."aqua:kyverno/chainsaw"."platforms.windows-x64".provenance.slsa]
url = "https://github.com/kyverno/chainsaw/releases/download/v0.2.15/multiple.intoto.jsonl"

[[tools.cilium-cli]]
version = "0.19.6"
backend = "aqua:cilium/cilium-cli"

[tools.cilium-cli."platforms.linux-arm64"]
checksum = "sha256:fe8140aaaa561b7d59d8c0e7eef169c298b2d558924934c95aab8bb81382296f"
url = "https://github.com/cilium/cilium-cli/releases/download/v0.19.6/cilium-linux-arm64.tar.gz"
url_api = "https://api.github.com/repos/cilium/cilium-cli/releases/assets/477187979"

[tools.cilium-cli."platforms.linux-arm64-musl"]
checksum = "sha256:fe8140aaaa561b7d59d8c0e7eef169c298b2d558924934c95aab8bb81382296f"
url = "https://github.com/cilium/cilium-cli/releases/download/v0.19.6/cilium-linux-arm64.tar.gz"
url_api = "https://api.github.com/repos/cilium/cilium-cli/releases/assets/477187979"

[tools.cilium-cli."platforms.linux-x64"]
checksum = "sha256:65ae7592ab873acc0b242b8e679e0a0a856255e34fdd0082e7b048b6285a9842"
url = "https://github.com/cilium/cilium-cli/releases/download/v0.19.6/cilium-linux-amd64.tar.gz"
url_api = "https://api.github.com/repos/cilium/cilium-cli/releases/assets/477187977"

[tools.cilium-cli."platforms.linux-x64-musl"]
checksum = "sha256:65ae7592ab873acc0b242b8e679e0a0a856255e34fdd0082e7b048b6285a9842"
url = "https://github.com/cilium/cilium-cli/releases/download/v0.19.6/cilium-linux-amd64.tar.gz"
url_api = "https://api.github.com/repos/cilium/cilium-cli/releases/assets/477187977"

[tools.cilium-cli."platforms.macos-arm64"]
checksum = "sha256:363e6f050eaf64f8dd648806ebd3e371bcdc8ef4a5aebe7301cce4c2f28463ca"
url = "https://github.com/cilium/cilium-cli/releases/download/v0.19.6/cilium-darwin-arm64.tar.gz"
url_api = "https://api.github.com/repos/cilium/cilium-cli/releases/assets/477187981"

[tools.cilium-cli."platforms.macos-x64"]
checksum = "sha256:cb39418709054fbc903719f555bdfe719ef67b1e6298ebb4f812864f6bae29fa"
url = "https://github.com/cilium/cilium-cli/releases/download/v0.19.6/cilium-darwin-amd64.tar.gz"
url_api = "https://api.github.com/repos/cilium/cilium-cli/releases/assets/477187985"

[tools.cilium-cli."platforms.windows-x64"]
checksum = "sha256:035bb0bbd0b1782f77908b080f99c735d82af8f993a54ec29950d4d17b0f3d7c"
url = "https://github.com/cilium/cilium-cli/releases/download/v0.19.6/cilium-windows-amd64.zip"
url_api = "https://api.github.com/repos/cilium/cilium-cli/releases/assets/477187974"

[[tools.conftest]]
version = "0.68.2"
backend = "aqua:open-policy-agent/conftest"

[tools.conftest."platforms.linux-arm64"]
checksum = "sha256:4005441089655ded475384cb87d57762ae08ebef78305bada49c70530d2f4184"
url = "https://github.com/open-policy-agent/conftest/releases/download/v0.68.2/conftest_0.68.2_Linux_arm64.tar.gz"
url_api = "https://api.github.com/repos/open-policy-agent/conftest/releases/assets/396775404"

[tools.conftest."platforms.linux-arm64-musl"]
checksum = "sha256:4005441089655ded475384cb87d57762ae08ebef78305bada49c70530d2f4184"
url = "https://github.com/open-policy-agent/conftest/releases/download/v0.68.2/conftest_0.68.2_Linux_arm64.tar.gz"
url_api = "https://api.github.com/repos/open-policy-agent/conftest/releases/assets/396775404"

[tools.conftest."platforms.linux-x64"]
checksum = "sha256:e8144c6d6d2ae0260b869caa60c7c262a1f95ac63ec1e5d2fb19be452d606347"
url = "https://github.com/open-policy-agent/conftest/releases/download/v0.68.2/conftest_0.68.2_Linux_x86_64.tar.gz"
url_api = "https://api.github.com/repos/open-policy-agent/conftest/releases/assets/396775369"

[tools.conftest."platforms.linux-x64-musl"]
checksum = "sha256:e8144c6d6d2ae0260b869caa60c7c262a1f95ac63ec1e5d2fb19be452d606347"
url = "https://github.com/open-policy-agent/conftest/releases/download/v0.68.2/conftest_0.68.2_Linux_x86_64.tar.gz"
url_api = "https://api.github.com/repos/open-policy-agent/conftest/releases/assets/396775369"

[tools.conftest."platforms.macos-arm64"]
checksum = "sha256:cdb5445179e0cc42906e2b0233694900f272a501878d416a9c875b1f7bdfd34c"
url = "https://github.com/open-policy-agent/conftest/releases/download/v0.68.2/conftest_0.68.2_Darwin_arm64.tar.gz"
url_api = "https://api.github.com/repos/open-policy-agent/conftest/releases/assets/396775371"

[tools.conftest."platforms.macos-x64"]
checksum = "sha256:7682c54243d2c16579589f55aac47c51389d26f103f828902880288ba7f0605e"
url = "https://github.com/open-policy-agent/conftest/releases/download/v0.68.2/conftest_0.68.2_Darwin_x86_64.tar.gz"
url_api = "https://api.github.com/repos/open-policy-agent/conftest/releases/assets/396775370"

[tools.conftest."platforms.windows-x64"]
checksum = "sha256:66a88d02e6c03a714e9f0751c3d86ee9c5591739c367ca1b79c4f9f2f90ac4cb"
url = "https://github.com/open-policy-agent/conftest/releases/download/v0.68.2/conftest_0.68.2_Windows_x86_64.zip"
url_api = "https://api.github.com/repos/open-policy-agent/conftest/releases/assets/396775403"

[[tools.flux2]]
version = "2.9.2"
backend = "aqua:fluxcd/flux2"

[tools.flux2."platforms.linux-arm64"]
checksum = "sha256:665bfe5aeb843faf907e7f77250c31840499ff2dc65a64c2479409e3728748d1"
url = "https://github.com/fluxcd/flux2/releases/download/v2.9.2/flux_2.9.2_linux_arm64.tar.gz"
url_api = "https://api.github.com/repos/fluxcd/flux2/releases/assets/475505390"

[tools.flux2."platforms.linux-arm64".provenance.slsa]
url = "https://github.com/fluxcd/flux2/releases/download/v2.9.2/provenance.intoto.jsonl"

[tools.flux2."platforms.linux-arm64-musl"]
checksum = "sha256:665bfe5aeb843faf907e7f77250c31840499ff2dc65a64c2479409e3728748d1"
url = "https://github.com/fluxcd/flux2/releases/download/v2.9.2/flux_2.9.2_linux_arm64.tar.gz"
url_api = "https://api.github.com/repos/fluxcd/flux2/releases/assets/475505390"

[tools.flux2."platforms.linux-arm64-musl".provenance.slsa]
url = "https://github.com/fluxcd/flux2/releases/download/v2.9.2/provenance.intoto.jsonl"

[tools.flux2."platforms.linux-x64"]
checksum = "sha256:4092b367fd060097976fb7261601f79420ecf7266328417dfd8dfee27de0e6a3"
url = "https://github.com/fluxcd/flux2/releases/download/v2.9.2/flux_2.9.2_linux_amd64.tar.gz"
url_api = "https://api.github.com/repos/fluxcd/flux2/releases/assets/475505387"

[tools.flux2."platforms.linux-x64".provenance.slsa]
url = "https://github.com/fluxcd/flux2/releases/download/v2.9.2/provenance.intoto.jsonl"

[tools.flux2."platforms.linux-x64-musl"]
checksum = "sha256:4092b367fd060097976fb7261601f79420ecf7266328417dfd8dfee27de0e6a3"
url = "https://github.com/fluxcd/flux2/releases/download/v2.9.2/flux_2.9.2_linux_amd64.tar.gz"
url_api = "https://api.github.com/repos/fluxcd/flux2/releases/assets/475505387"

[tools.flux2."platforms.linux-x64-musl".provenance.slsa]
url = "https://github.com/fluxcd/flux2/releases/download/v2.9.2/provenance.intoto.jsonl"

[tools.flux2."platforms.macos-arm64"]
checksum = "sha256:1dd6791738b1c250748c24c24b48e92908881596f999ad8bf10f84763d66fdb3"
url = "https://github.com/fluxcd/flux2/releases/download/v2.9.2/flux_2.9.2_darwin_arm64.tar.gz"
url_api = "https://api.github.com/repos/fluxcd/flux2/releases/assets/475505377"

[tools.flux2."platforms.macos-arm64".provenance.slsa]
url = "https://github.com/fluxcd/flux2/releases/download/v2.9.2/provenance.intoto.jsonl"

[tools.flux2."platforms.macos-x64"]
checksum = "sha256:e4583db32e4f4f4ec195084f0381c704e5104a55a7ec4c1a444396137ecdb161"
url = "https://github.com/fluxcd/flux2/releases/download/v2.9.2/flux_2.9.2_darwin_amd64.tar.gz"
url_api = "https://api.github.com/repos/fluxcd/flux2/releases/assets/475505385"

[tools.flux2."platforms.macos-x64".provenance.slsa]
url = "https://github.com/fluxcd/flux2/releases/download/v2.9.2/provenance.intoto.jsonl"

[tools.flux2."platforms.windows-x64"]
checksum = "sha256:eceaddf7782ae5959e37d1d3620a70c68ef834ad1107ba6d9049a58c088a566c"
url = "https://github.com/fluxcd/flux2/releases/download/v2.9.2/flux_2.9.2_windows_amd64.zip"
url_api = "https://api.github.com/repos/fluxcd/flux2/releases/assets/475505381"

[tools.flux2."platforms.windows-x64".provenance.slsa]
url = "https://github.com/fluxcd/flux2/releases/download/v2.9.2/provenance.intoto.jsonl"

[[tools.github-cli]]
version = "2.96.0"
backend = "aqua:cli/cli"

[tools.github-cli."platforms.linux-arm64"]
checksum = "sha256:06f86ec7103d41993b76cd78072f43595c34aaa56506d971d9860e67140bf909"
url = "https://github.com/cli/cli/releases/download/v2.96.0/gh_2.96.0_linux_arm64.tar.gz"
url_api = "https://api.github.com/repos/cli/cli/releases/assets/464728549"
provenance = "github-attestations"

[tools.github-cli."platforms.linux-arm64-musl"]
checksum = "sha256:06f86ec7103d41993b76cd78072f43595c34aaa56506d971d9860e67140bf909"
url = "https://github.com/cli/cli/releases/download/v2.96.0/gh_2.96.0_linux_arm64.tar.gz"
url_api = "https://api.github.com/repos/cli/cli/releases/assets/464728549"
provenance = "github-attestations"

[tools.github-cli."platforms.linux-x64"]
checksum = "sha256:83d5c2ccad5498f58bf6368acb1ab32588cf43ab3a4b1c301bf36328b1c8bd60"
url = "https://github.com/cli/cli/releases/download/v2.96.0/gh_2.96.0_linux_amd64.tar.gz"
url_api = "https://api.github.com/repos/cli/cli/releases/assets/464728543"
provenance = "github-attestations"

[tools.github-cli."platforms.linux-x64-musl"]
checksum = "sha256:83d5c2ccad5498f58bf6368acb1ab32588cf43ab3a4b1c301bf36328b1c8bd60"
url = "https://github.com/cli/cli/releases/download/v2.96.0/gh_2.96.0_linux_amd64.tar.gz"
url_api = "https://api.github.com/repos/cli/cli/releases/assets/464728543"
provenance = "github-attestations"

[tools.github-cli."platforms.macos-arm64"]
checksum = "sha256:f23a0c37d963aacc3bed703ccbd59b41c5ca22101fab7f00eb2b7cad23aba463"
url = "https://github.com/cli/cli/releases/download/v2.96.0/gh_2.96.0_macOS_arm64.zip"
url_api = "https://api.github.com/repos/cli/cli/releases/assets/464728562"
provenance = "github-attestations"

[tools.github-cli."platforms.macos-x64"]
checksum = "sha256:4bd449df9ad639391bc62b8032546f0fe9edcd8526e06682a4f88abd8c5d163c"
url = "https://github.com/cli/cli/releases/download/v2.96.0/gh_2.96.0_macOS_amd64.zip"
url_api = "https://api.github.com/repos/cli/cli/releases/assets/464728560"
provenance = "github-attestations"

[tools.github-cli."platforms.windows-x64"]
checksum = "sha256:c2d6acc935cd2f00e2144d7e036d5cd82e6b6bd5594e8c75aa75ef2a4ed6aac3"
url = "https://github.com/cli/cli/releases/download/v2.96.0/gh_2.96.0_windows_amd64.zip"
url_api = "https://api.github.com/repos/cli/cli/releases/assets/464728577"
provenance = "github-attestations"

[[tools."github:mikefarah/yq"]]
version = "4.53.3"
backend = "github:mikefarah/yq"

[tools."github:mikefarah/yq"."platforms.linux-arm64"]
checksum = "sha256:42600522e7455282e11c71c9fc62dc8e98b05bcdb830210fe16eb673a871e866"
url = "https://github.com/mikefarah/yq/releases/download/v4.53.3/yq_linux_arm64.tar.gz"
url_api = "https://api.github.com/repos/mikefarah/yq/releases/assets/440146748"
provenance = "github-attestations"

[tools."github:mikefarah/yq"."platforms.linux-arm64-musl"]
checksum = "sha256:42600522e7455282e11c71c9fc62dc8e98b05bcdb830210fe16eb673a871e866"
url = "https://github.com/mikefarah/yq/releases/download/v4.53.3/yq_linux_arm64.tar.gz"
url_api = "https://api.github.com/repos/mikefarah/yq/releases/assets/440146748"
provenance = "github-attestations"

[tools."github:mikefarah/yq"."platforms.linux-x64"]
checksum = "sha256:b4077cab0f9ee5ce8381e602d090daa69a0afb7e57eb9a5b20e9cb416d7f6794"
url = "https://github.com/mikefarah/yq/releases/download/v4.53.3/yq_linux_amd64.tar.gz"
url_api = "https://api.github.com/repos/mikefarah/yq/releases/assets/440146764"
provenance = "github-attestations"

[tools."github:mikefarah/yq"."platforms.linux-x64-musl"]
checksum = "sha256:b4077cab0f9ee5ce8381e602d090daa69a0afb7e57eb9a5b20e9cb416d7f6794"
url = "https://github.com/mikefarah/yq/releases/download/v4.53.3/yq_linux_amd64.tar.gz"
url_api = "https://api.github.com/repos/mikefarah/yq/releases/assets/440146764"
provenance = "github-attestations"

[tools."github:mikefarah/yq"."platforms.macos-arm64"]
checksum = "sha256:8415210a2c06e706e4037ccbbfc0d0e35c2518683da21a432d28258752567474"
url = "https://github.com/mikefarah/yq/releases/download/v4.53.3/yq_darwin_arm64.tar.gz"
url_api = "https://api.github.com/repos/mikefarah/yq/releases/assets/440146761"
provenance = "github-attestations"

[tools."github:mikefarah/yq"."platforms.macos-x64"]
checksum = "sha256:d39a3296b56bdd0e1c78cdda0cb54baf854b1d492c84aef9023411e1c8d7537f"
url = "https://github.com/mikefarah/yq/releases/download/v4.53.3/yq_darwin_amd64.tar.gz"
url_api = "https://api.github.com/repos/mikefarah/yq/releases/assets/440146768"
provenance = "github-attestations"

[tools."github:mikefarah/yq"."platforms.windows-x64"]
checksum = "sha256:92a6173d026badd3af5d94b3d886614cbacd032786c3e760855c78040fa45eed"
url = "https://github.com/mikefarah/yq/releases/download/v4.53.3/yq_windows_amd64.zip"
url_api = "https://api.github.com/repos/mikefarah/yq/releases/assets/440146715"
provenance = "github-attestations"

[[tools.gitleaks]]
version = "8.30.1"
backend = "aqua:gitleaks/gitleaks"

[tools.gitleaks."platforms.linux-arm64"]
checksum = "sha256:e4a487ee7ccd7d3a7f7ec08657610aa3606637dab924210b3aee62570fb4b080"
url = "https://github.com/gitleaks/gitleaks/releases/download/v8.30.1/gitleaks_8.30.1_linux_arm64.tar.gz"
url_api = "https://api.github.com/repos/gitleaks/gitleaks/releases/assets/378332057"

[tools.gitleaks."platforms.linux-arm64-musl"]
checksum = "sha256:e4a487ee7ccd7d3a7f7ec08657610aa3606637dab924210b3aee62570fb4b080"
url = "https://github.com/gitleaks/gitleaks/releases/download/v8.30.1/gitleaks_8.30.1_linux_arm64.tar.gz"
url_api = "https://api.github.com/repos/gitleaks/gitleaks/releases/assets/378332057"

[tools.gitleaks."platforms.linux-x64"]
checksum = "sha256:551f6fc83ea457d62a0d98237cbad105af8d557003051f41f3e7ca7b3f2470eb"
url = "https://github.com/gitleaks/gitleaks/releases/download/v8.30.1/gitleaks_8.30.1_linux_x64.tar.gz"
url_api = "https://api.github.com/repos/gitleaks/gitleaks/releases/assets/378332058"

[tools.gitleaks."platforms.linux-x64-musl"]
checksum = "sha256:551f6fc83ea457d62a0d98237cbad105af8d557003051f41f3e7ca7b3f2470eb"
url = "https://github.com/gitleaks/gitleaks/releases/download/v8.30.1/gitleaks_8.30.1_linux_x64.tar.gz"
url_api = "https://api.github.com/repos/gitleaks/gitleaks/releases/assets/378332058"

[tools.gitleaks."platforms.macos-arm64"]
checksum = "sha256:b40ab0ae55c505963e365f271a8d3846efbc170aa17f2607f13df610a9aeb6a5"
url = "https://github.com/gitleaks/gitleaks/releases/download/v8.30.1/gitleaks_8.30.1_darwin_arm64.tar.gz"
url_api = "https://api.github.com/repos/gitleaks/gitleaks/releases/assets/378332059"

[tools.gitleaks."platforms.macos-x64"]
checksum = "sha256:dfe101a4db2255fc85120ac7f3d25e4342c3c20cf749f2c20a18081af1952709"
url = "https://github.com/gitleaks/gitleaks/releases/download/v8.30.1/gitleaks_8.30.1_darwin_x64.tar.gz"
url_api = "https://api.github.com/repos/gitleaks/gitleaks/releases/assets/378332053"

[tools.gitleaks."platforms.windows-x64"]
checksum = "sha256:d29144deff3a68aa93ced33dddf84b7fdc26070add4aa0f4513094c8332afc4e"
url = "https://github.com/gitleaks/gitleaks/releases/download/v8.30.1/gitleaks_8.30.1_windows_x64.zip"
url_api = "https://api.github.com/repos/gitleaks/gitleaks/releases/assets/378333178"

[[tools.helm]]
version = "4.2.3"
backend = "aqua:helm/helm"

[tools.helm."platforms.linux-arm64"]
checksum = "sha256:21abd9354d39b2cd79a8d76be6912cd137a983cbf997193503fb8a6a6e2f2785"
url = "https://get.helm.sh/helm-v4.2.3-linux-arm64.tar.gz"

[tools.helm."platforms.linux-arm64-musl"]
checksum = "sha256:21abd9354d39b2cd79a8d76be6912cd137a983cbf997193503fb8a6a6e2f2785"
url = "https://get.helm.sh/helm-v4.2.3-linux-arm64.tar.gz"

[tools.helm."platforms.linux-x64"]
checksum = "sha256:e9b88b4ee95b18c706839c28d3a0220e5bc470e9cd9262410c90793c45ff8b7c"
url = "https://get.helm.sh/helm-v4.2.3-linux-amd64.tar.gz"

[tools.helm."platforms.linux-x64-musl"]
checksum = "sha256:e9b88b4ee95b18c706839c28d3a0220e5bc470e9cd9262410c90793c45ff8b7c"
url = "https://get.helm.sh/helm-v4.2.3-linux-amd64.tar.gz"

[tools.helm."platforms.macos-arm64"]
checksum = "sha256:048ecf5ad3160f83d918f9fe945238d2132b079640f7b106175331c25f242c64"
url = "https://get.helm.sh/helm-v4.2.3-darwin-arm64.tar.gz"

[tools.helm."platforms.macos-x64"]
checksum = "sha256:ff3ac86755a45f3422473bc1200776aac0fe04c5766abe6ca66699f7b564b23b"
url = "https://get.helm.sh/helm-v4.2.3-darwin-amd64.tar.gz"

[tools.helm."platforms.windows-x64"]
checksum = "sha256:02c6137bb5f050479193afad5a28804e9edc3beeab7e7b53a6e1499c9ba387ef"
url = "https://get.helm.sh/helm-v4.2.3-windows-amd64.tar.gz"

[[tools.just]]
version = "1.57.0"
backend = "aqua:casey/just"

[tools.just."platforms.linux-arm64"]
checksum = "sha256:f225044a81adea6e0b3a8b9370aaf374e6af76c8735ae263ac993df55fd137ec"
url = "https://github.com/casey/just/releases/download/1.57.0/just-1.57.0-aarch64-unknown-linux-musl.tar.gz"
url_api = "https://api.github.com/repos/casey/just/releases/assets/481976912"

[tools.just."platforms.linux-arm64-musl"]
checksum = "sha256:f225044a81adea6e0b3a8b9370aaf374e6af76c8735ae263ac993df55fd137ec"
url = "https://github.com/casey/just/releases/download/1.57.0/just-1.57.0-aarch64-unknown-linux-musl.tar.gz"
url_api = "https://api.github.com/repos/casey/just/releases/assets/481976912"

[tools.just."platforms.linux-x64"]
checksum = "sha256:45b548094283cb9739af8f13273b8cddeee869f5b4ef2bb631b1f311cb566155"
url = "https://github.com/casey/just/releases/download/1.57.0/just-1.57.0-x86_64-unknown-linux-musl.tar.gz"
url_api = "https://api.github.com/repos/casey/just/releases/assets/481976790"

[tools.just."platforms.linux-x64-musl"]
checksum = "sha256:45b548094283cb9739af8f13273b8cddeee869f5b4ef2bb631b1f311cb566155"
url = "https://github.com/casey/just/releases/download/1.57.0/just-1.57.0-x86_64-unknown-linux-musl.tar.gz"
url_api = "https://api.github.com/repos/casey/just/releases/assets/481976790"

[tools.just."platforms.macos-arm64"]
checksum = "sha256:0381db216c2f97ce31d838a1562c1064dfbfa73f5a8a81581338a2cd9217df47"
url = "https://github.com/casey/just/releases/download/1.57.0/just-1.57.0-aarch64-apple-darwin.tar.gz"
url_api = "https://api.github.com/repos/casey/just/releases/assets/481976803"

[tools.just."platforms.macos-x64"]
checksum = "sha256:5e6ade3698095576274b2b32cc9e5d467185e8e40b04949004c04cc3d7e962dc"
url = "https://github.com/casey/just/releases/download/1.57.0/just-1.57.0-x86_64-apple-darwin.tar.gz"
url_api = "https://api.github.com/repos/casey/just/releases/assets/481976824"

[tools.just."platforms.windows-x64"]
checksum = "sha256:4c7391d17cb1d17b758b52004ee6411372b8a13ff37c3c9b9031625cb6026e09"
url = "https://github.com/casey/just/releases/download/1.57.0/just-1.57.0-x86_64-pc-windows-msvc.zip"
url_api = "https://api.github.com/repos/casey/just/releases/assets/481977734"

[[tools.kubeconform]]
version = "0.8.0"
backend = "aqua:yannh/kubeconform"

[tools.kubeconform."platforms.linux-arm64"]
checksum = "sha256:1f53fc8e81258197a35e8603054162a5af1de8c5af13746c71ab680d9534ed87"
url = "https://github.com/yannh/kubeconform/releases/download/v0.8.0/kubeconform-linux-arm64.tar.gz"
url_api = "https://api.github.com/repos/yannh/kubeconform/releases/assets/438612685"

[tools.kubeconform."platforms.linux-arm64-musl"]
checksum = "sha256:1f53fc8e81258197a35e8603054162a5af1de8c5af13746c71ab680d9534ed87"
url = "https://github.com/yannh/kubeconform/releases/download/v0.8.0/kubeconform-linux-arm64.tar.gz"
url_api = "https://api.github.com/repos/yannh/kubeconform/releases/assets/438612685"

[tools.kubeconform."platforms.linux-x64"]
checksum = "sha256:9bc2bffbf71f261128533edaf912153948b7ff238f9a531ae6d34466ec287883"
url = "https://github.com/yannh/kubeconform/releases/download/v0.8.0/kubeconform-linux-amd64.tar.gz"
url_api = "https://api.github.com/repos/yannh/kubeconform/releases/assets/438612666"

[tools.kubeconform."platforms.linux-x64-musl"]
checksum = "sha256:9bc2bffbf71f261128533edaf912153948b7ff238f9a531ae6d34466ec287883"
url = "https://github.com/yannh/kubeconform/releases/download/v0.8.0/kubeconform-linux-amd64.tar.gz"
url_api = "https://api.github.com/repos/yannh/kubeconform/releases/assets/438612666"

[tools.kubeconform."platforms.macos-arm64"]
checksum = "sha256:f84f4dfbebf4a6b0b230385fa065a39ea35e02608c2b50d025dcf64775a69d67"
url = "https://github.com/yannh/kubeconform/releases/download/v0.8.0/kubeconform-darwin-arm64.tar.gz"
url_api = "https://api.github.com/repos/yannh/kubeconform/releases/assets/438612680"

[tools.kubeconform."platforms.macos-x64"]
checksum = "sha256:71dbc87ac9f24099a62b93570e65aa06312ba6ac8aea63b7f86e9d999edf5a92"
url = "https://github.com/yannh/kubeconform/releases/download/v0.8.0/kubeconform-darwin-amd64.tar.gz"
url_api = "https://api.github.com/repos/yannh/kubeconform/releases/assets/438612679"

[tools.kubeconform."platforms.windows-x64"]
checksum = "sha256:e3f56102bcf4f50b034a567e2482a1c5330799983ddd655952310211aef73d93"
url = "https://github.com/yannh/kubeconform/releases/download/v0.8.0/kubeconform-windows-amd64.zip"
url_api = "https://api.github.com/repos/yannh/kubeconform/releases/assets/438612665"

[[tools.kubectl]]
version = "1.35.6"
backend = "aqua:kubernetes/kubernetes/kubectl"

[tools.kubectl."platforms.linux-arm64"]
checksum = "sha256:c0f97f31c9ddc22d4951d543a1a7125a9af4b31e895ad4aa99899c4ba2a6ff0b"
url = "https://dl.k8s.io/v1.35.6/bin/linux/arm64/kubectl"

[tools.kubectl."platforms.linux-arm64-musl"]
checksum = "sha256:c0f97f31c9ddc22d4951d543a1a7125a9af4b31e895ad4aa99899c4ba2a6ff0b"
url = "https://dl.k8s.io/v1.35.6/bin/linux/arm64/kubectl"

[tools.kubectl."platforms.linux-x64"]
checksum = "sha256:5d11e2ba01ea68ffd053f56e27738e2b4330013ee67f7e46c6da6c585d3c9926"
url = "https://dl.k8s.io/v1.35.6/bin/linux/amd64/kubectl"

[tools.kubectl."platforms.linux-x64-musl"]
checksum = "sha256:5d11e2ba01ea68ffd053f56e27738e2b4330013ee67f7e46c6da6c585d3c9926"
url = "https://dl.k8s.io/v1.35.6/bin/linux/amd64/kubectl"

[tools.kubectl."platforms.macos-arm64"]
checksum = "sha256:1827b555615791c1c1065dd64870eb49a4e00e9dfd389a82a2ef1d31bb46d200"
url = "https://dl.k8s.io/v1.35.6/bin/darwin/arm64/kubectl"

[tools.kubectl."platforms.macos-x64"]
checksum = "sha256:fa6b472ca1e542e171d7daedd9435b8e9650bc18d42a57eb930a51f48ca58874"
url = "https://dl.k8s.io/v1.35.6/bin/darwin/amd64/kubectl"

[tools.kubectl."platforms.windows-x64"]
checksum = "sha256:ce1c21d0e0a64fa249fad3b6372c14479e7901fedf6d5a425d92c46c2bd87442"
url = "https://dl.k8s.io/v1.35.6/bin/windows/amd64/kubectl.exe"

[[tools.kustomize]]
version = "5.8.1"
backend = "aqua:kubernetes-sigs/kustomize"

[tools.kustomize."platforms.linux-arm64"]
checksum = "sha256:0953ea3e476f66d6ddfcd911d750f5167b9365aa9491b2326398e289fef2c142"
url = "https://github.com/kubernetes-sigs/kustomize/releases/download/kustomize/v5.8.1/kustomize_v5.8.1_linux_arm64.tar.gz"
url_api = "https://api.github.com/repos/kubernetes-sigs/kustomize/releases/assets/353160971"

[tools.kustomize."platforms.linux-arm64-musl"]
checksum = "sha256:0953ea3e476f66d6ddfcd911d750f5167b9365aa9491b2326398e289fef2c142"
url = "https://github.com/kubernetes-sigs/kustomize/releases/download/kustomize/v5.8.1/kustomize_v5.8.1_linux_arm64.tar.gz"
url_api = "https://api.github.com/repos/kubernetes-sigs/kustomize/releases/assets/353160971"

[tools.kustomize."platforms.linux-x64"]
checksum = "sha256:029a7f0f4e1932c52a0476cf02a0fd855c0bb85694b82c338fc648dcb53a819d"
url = "https://github.com/kubernetes-sigs/kustomize/releases/download/kustomize/v5.8.1/kustomize_v5.8.1_linux_amd64.tar.gz"
url_api = "https://api.github.com/repos/kubernetes-sigs/kustomize/releases/assets/353160972"

[tools.kustomize."platforms.linux-x64-musl"]
checksum = "sha256:029a7f0f4e1932c52a0476cf02a0fd855c0bb85694b82c338fc648dcb53a819d"
url = "https://github.com/kubernetes-sigs/kustomize/releases/download/kustomize/v5.8.1/kustomize_v5.8.1_linux_amd64.tar.gz"
url_api = "https://api.github.com/repos/kubernetes-sigs/kustomize/releases/assets/353160972"

[tools.kustomize."platforms.macos-arm64"]
checksum = "sha256:8886f8a78474e608cc81234f729fda188a9767da23e28925802f00ece2bab288"
url = "https://github.com/kubernetes-sigs/kustomize/releases/download/kustomize/v5.8.1/kustomize_v5.8.1_darwin_arm64.tar.gz"
url_api = "https://api.github.com/repos/kubernetes-sigs/kustomize/releases/assets/353160975"

[tools.kustomize."platforms.macos-x64"]
checksum = "sha256:ee7cf0c1e3592aa7bb66ba82b359933a95e7f2e0b36e5f53ed0a4535b017f2f8"
url = "https://github.com/kubernetes-sigs/kustomize/releases/download/kustomize/v5.8.1/kustomize_v5.8.1_darwin_amd64.tar.gz"
url_api = "https://api.github.com/repos/kubernetes-sigs/kustomize/releases/assets/353160974"

[tools.kustomize."platforms.windows-x64"]
checksum = "sha256:8ec7f5e815e526d4622c06df0a7793d8cfb6eb1c74f816b46166097fef8b26c6"
url = "https://github.com/kubernetes-sigs/kustomize/releases/download/kustomize/v5.8.1/kustomize_v5.8.1_windows_amd64.zip"
url_api = "https://api.github.com/repos/kubernetes-sigs/kustomize/releases/assets/353160980"

[[tools.pre-commit]]
version = "4.6.1"
backend = "aqua:pre-commit/pre-commit"

[tools.pre-commit."platforms.linux-arm64"]
checksum = "sha256:6768cc8f4f810509b9272211c70ef7bb405c52da2ba81b673b2c361a72f1815d"
url = "https://github.com/pre-commit/pre-commit/releases/download/v4.6.1/pre-commit-4.6.1.pyz"
url_api = "https://api.github.com/repos/pre-commit/pre-commit/releases/assets/485150759"

[tools.pre-commit."platforms.linux-arm64-musl"]
checksum = "sha256:6768cc8f4f810509b9272211c70ef7bb405c52da2ba81b673b2c361a72f1815d"
url = "https://github.com/pre-commit/pre-commit/releases/download/v4.6.1/pre-commit-4.6.1.pyz"
url_api = "https://api.github.com/repos/pre-commit/pre-commit/releases/assets/485150759"

[tools.pre-commit."platforms.linux-x64"]
checksum = "sha256:6768cc8f4f810509b9272211c70ef7bb405c52da2ba81b673b2c361a72f1815d"
url = "https://github.com/pre-commit/pre-commit/releases/download/v4.6.1/pre-commit-4.6.1.pyz"
url_api = "https://api.github.com/repos/pre-commit/pre-commit/releases/assets/485150759"

[tools.pre-commit."platforms.linux-x64-musl"]
checksum = "sha256:6768cc8f4f810509b9272211c70ef7bb405c52da2ba81b673b2c361a72f1815d"
url = "https://github.com/pre-commit/pre-commit/releases/download/v4.6.1/pre-commit-4.6.1.pyz"
url_api = "https://api.github.com/repos/pre-commit/pre-commit/releases/assets/485150759"

[tools.pre-commit."platforms.macos-arm64"]
checksum = "sha256:6768cc8f4f810509b9272211c70ef7bb405c52da2ba81b673b2c361a72f1815d"
url = "https://github.com/pre-commit/pre-commit/releases/download/v4.6.1/pre-commit-4.6.1.pyz"
url_api = "https://api.github.com/repos/pre-commit/pre-commit/releases/assets/485150759"

[tools.pre-commit."platforms.macos-x64"]
checksum = "sha256:6768cc8f4f810509b9272211c70ef7bb405c52da2ba81b673b2c361a72f1815d"
url = "https://github.com/pre-commit/pre-commit/releases/download/v4.6.1/pre-commit-4.6.1.pyz"
url_api = "https://api.github.com/repos/pre-commit/pre-commit/releases/assets/485150759"

[[tools.ripgrep]]
version = "15.2.0"
backend = "aqua:BurntSushi/ripgrep"

[tools.ripgrep."platforms.linux-arm64"]
checksum = "sha256:a740b91c82eaf9914cfedd353572f2791cbe0162c84101ee0951058f4dcbc90d"
url = "https://github.com/BurntSushi/ripgrep/releases/download/15.2.0/ripgrep-15.2.0-aarch64-unknown-linux-gnu.tar.gz"
url_api = "https://api.github.com/repos/BurntSushi/ripgrep/releases/assets/478119579"

[tools.ripgrep."platforms.linux-arm64-musl"]
checksum = "sha256:800b1e7206afe799dfb5a6901f23147cfaabe0e52210538100f61e86e1740915"
url = "https://github.com/BurntSushi/ripgrep/releases/download/15.2.0/ripgrep-15.2.0-aarch64-unknown-linux-musl.tar.gz"
url_api = "https://api.github.com/repos/BurntSushi/ripgrep/releases/assets/478120060"

[tools.ripgrep."platforms.linux-x64"]
checksum = "sha256:33e15bcf1624b25cdd2a55813a47a2f95dbe126268203e76aa6a585d1e7b149c"
url = "https://github.com/BurntSushi/ripgrep/releases/download/15.2.0/ripgrep-15.2.0-x86_64-unknown-linux-musl.tar.gz"
url_api = "https://api.github.com/repos/BurntSushi/ripgrep/releases/assets/478120097"

[tools.ripgrep."platforms.linux-x64-musl"]
checksum = "sha256:33e15bcf1624b25cdd2a55813a47a2f95dbe126268203e76aa6a585d1e7b149c"
url = "https://github.com/BurntSushi/ripgrep/releases/download/15.2.0/ripgrep-15.2.0-x86_64-unknown-linux-musl.tar.gz"
url_api = "https://api.github.com/repos/BurntSushi/ripgrep/releases/assets/478120097"

[tools.ripgrep."platforms.macos-arm64"]
checksum = "sha256:3750b2e93f37e0c692657da574d7019a101c0084da05a790c83fd335bad973e4"
url = "https://github.com/BurntSushi/ripgrep/releases/download/15.2.0/ripgrep-15.2.0-aarch64-apple-darwin.tar.gz"
url_api = "https://api.github.com/repos/BurntSushi/ripgrep/releases/assets/478118851"

[tools.ripgrep."platforms.macos-x64"]
checksum = "sha256:af7825fcc69a2afc7a7aea55fc9af90e26421d8f20fe59df32e233c0b8a231c1"
url = "https://github.com/BurntSushi/ripgrep/releases/download/15.2.0/ripgrep-15.2.0-x86_64-apple-darwin.tar.gz"
url_api = "https://api.github.com/repos/BurntSushi/ripgrep/releases/assets/478119585"

[tools.ripgrep."platforms.windows-x64"]
checksum = "sha256:71b2fef860abe467217a538ff31de02f5258807c0129f771846f87bd029aafc5"
url = "https://github.com/BurntSushi/ripgrep/releases/download/15.2.0/ripgrep-15.2.0-x86_64-pc-windows-msvc.zip"
url_api = "https://api.github.com/repos/BurntSushi/ripgrep/releases/assets/478119643"

[[tools.shellcheck]]
version = "0.11.0"
backend = "aqua:koalaman/shellcheck"

[tools.shellcheck."platforms.linux-arm64"]
checksum = "sha256:12b331c1d2db6b9eb13cfca64306b1b157a86eb69db83023e261eaa7e7c14588"
url = "https://github.com/koalaman/shellcheck/releases/download/v0.11.0/shellcheck-v0.11.0.linux.aarch64.tar.xz"
url_api = "https://api.github.com/repos/koalaman/shellcheck/releases/assets/279056934"

[tools.shellcheck."platforms.linux-arm64-musl"]
checksum = "sha256:12b331c1d2db6b9eb13cfca64306b1b157a86eb69db83023e261eaa7e7c14588"
url = "https://github.com/koalaman/shellcheck/releases/download/v0.11.0/shellcheck-v0.11.0.linux.aarch64.tar.xz"
url_api = "https://api.github.com/repos/koalaman/shellcheck/releases/assets/279056934"

[tools.shellcheck."platforms.linux-x64"]
checksum = "sha256:8c3be12b05d5c177a04c29e3c78ce89ac86f1595681cab149b65b97c4e227198"
url = "https://github.com/koalaman/shellcheck/releases/download/v0.11.0/shellcheck-v0.11.0.linux.x86_64.tar.xz"
url_api = "https://api.github.com/repos/koalaman/shellcheck/releases/assets/279056942"

[tools.shellcheck."platforms.linux-x64-musl"]
checksum = "sha256:8c3be12b05d5c177a04c29e3c78ce89ac86f1595681cab149b65b97c4e227198"
url = "https://github.com/koalaman/shellcheck/releases/download/v0.11.0/shellcheck-v0.11.0.linux.x86_64.tar.xz"
url_api = "https://api.github.com/repos/koalaman/shellcheck/releases/assets/279056942"

[tools.shellcheck."platforms.macos-arm64"]
checksum = "sha256:56affdd8de5527894dca6dc3d7e0a99a873b0f004d7aabc30ae407d3f48b0a79"
url = "https://github.com/koalaman/shellcheck/releases/download/v0.11.0/shellcheck-v0.11.0.darwin.aarch64.tar.xz"
url_api = "https://api.github.com/repos/koalaman/shellcheck/releases/assets/279056932"

[tools.shellcheck."platforms.macos-x64"]
checksum = "sha256:3c89db4edcab7cf1c27bff178882e0f6f27f7afdf54e859fa041fca10febe4c6"
url = "https://github.com/koalaman/shellcheck/releases/download/v0.11.0/shellcheck-v0.11.0.darwin.x86_64.tar.xz"
url_api = "https://api.github.com/repos/koalaman/shellcheck/releases/assets/279056930"

[tools.shellcheck."platforms.windows-x64"]
checksum = "sha256:8a4e35ab0b331c85d73567b12f2a444df187f483e5079ceffa6bda1faa2e740e"
url = "https://github.com/koalaman/shellcheck/releases/download/v0.11.0/shellcheck-v0.11.0.zip"
url_api = "https://api.github.com/repos/koalaman/shellcheck/releases/assets/279056944"

[[tools.sops]]
version = "3.13.2"
backend = "aqua:getsops/sops"

[tools.sops."platforms.linux-arm64"]
checksum = "sha256:78abf2e15c86250a1553ae6f53aba96be6b2a8126f160b1534959add3467ad76"
url = "https://github.com/getsops/sops/releases/download/v3.13.2/sops-v3.13.2.linux.arm64"
url_api = "https://api.github.com/repos/getsops/sops/releases/assets/461838764"

[tools.sops."platforms.linux-arm64".provenance.slsa]
url = "https://github.com/getsops/sops/releases/download/v3.13.2/sops-v3.13.2.intoto.jsonl"

[tools.sops."platforms.linux-arm64-musl"]
checksum = "sha256:78abf2e15c86250a1553ae6f53aba96be6b2a8126f160b1534959add3467ad76"
url = "https://github.com/getsops/sops/releases/download/v3.13.2/sops-v3.13.2.linux.arm64"
url_api = "https://api.github.com/repos/getsops/sops/releases/assets/461838764"

[tools.sops."platforms.linux-arm64-musl".provenance.slsa]
url = "https://github.com/getsops/sops/releases/download/v3.13.2/sops-v3.13.2.intoto.jsonl"

[tools.sops."platforms.linux-x64"]
checksum = "sha256:154dfe4cd70554bdd82b98e4cd4acf191d43d01ead6f00a73477aa44c4ac42ef"
url = "https://github.com/getsops/sops/releases/download/v3.13.2/sops-v3.13.2.linux.amd64"
url_api = "https://api.github.com/repos/getsops/sops/releases/assets/461838689"

[tools.sops."platforms.linux-x64".provenance.slsa]
url = "https://github.com/getsops/sops/releases/download/v3.13.2/sops-v3.13.2.intoto.jsonl"

[tools.sops."platforms.linux-x64-musl"]
checksum = "sha256:154dfe4cd70554bdd82b98e4cd4acf191d43d01ead6f00a73477aa44c4ac42ef"
url = "https://github.com/getsops/sops/releases/download/v3.13.2/sops-v3.13.2.linux.amd64"
url_api = "https://api.github.com/repos/getsops/sops/releases/assets/461838689"

[tools.sops."platforms.linux-x64-musl".provenance.slsa]
url = "https://github.com/getsops/sops/releases/download/v3.13.2/sops-v3.13.2.intoto.jsonl"

[tools.sops."platforms.macos-arm64"]
checksum = "sha256:412c475b52f167f1facd75d564422ffd1fa5302aaa7a404bdf4e30087e04b5a8"
url = "https://github.com/getsops/sops/releases/download/v3.13.2/sops-v3.13.2.darwin.arm64"
url_api = "https://api.github.com/repos/getsops/sops/releases/assets/461838691"

[tools.sops."platforms.macos-arm64".provenance.slsa]
url = "https://github.com/getsops/sops/releases/download/v3.13.2/sops-v3.13.2.intoto.jsonl"

[tools.sops."platforms.macos-x64"]
checksum = "sha256:5a66836229ff4a73779b19644b6db28fd574a6b995c15fc333469b2f93ee2acd"
url = "https://github.com/getsops/sops/releases/download/v3.13.2/sops-v3.13.2.darwin.amd64"
url_api = "https://api.github.com/repos/getsops/sops/releases/assets/461838762"

[tools.sops."platforms.macos-x64".provenance.slsa]
url = "https://github.com/getsops/sops/releases/download/v3.13.2/sops-v3.13.2.intoto.jsonl"

[tools.sops."platforms.windows-x64"]
checksum = "sha256:cb6fec76e23cb4ac56771ac38472b0fe1ba79a849bf2200aeda7c9467a045b7b"
url = "https://github.com/getsops/sops/releases/download/v3.13.2/sops-v3.13.2.amd64.exe"
url_api = "https://api.github.com/repos/getsops/sops/releases/assets/461838690"

[tools.sops."platforms.windows-x64".provenance.slsa]
url = "https://github.com/getsops/sops/releases/download/v3.13.2/sops-v3.13.2.intoto.jsonl"

[[tools.talhelper]]
version = "3.1.14"
backend = "aqua:budimanjojo/talhelper"

[tools.talhelper."platforms.linux-arm64"]
checksum = "sha256:ea7c233d83e6ab6bb9c09cc63f4f1baa2e4580ec34c37ccec59b8b2ec6cd53a9"
url = "https://github.com/budimanjojo/talhelper/releases/download/v3.1.14/talhelper_linux_arm64.tar.gz"
url_api = "https://api.github.com/repos/budimanjojo/talhelper/releases/assets/485776048"

[tools.talhelper."platforms.linux-arm64-musl"]
checksum = "sha256:ea7c233d83e6ab6bb9c09cc63f4f1baa2e4580ec34c37ccec59b8b2ec6cd53a9"
url = "https://github.com/budimanjojo/talhelper/releases/download/v3.1.14/talhelper_linux_arm64.tar.gz"
url_api = "https://api.github.com/repos/budimanjojo/talhelper/releases/assets/485776048"

[tools.talhelper."platforms.linux-x64"]
checksum = "sha256:6a305200df6a9198eead9e7137514c01ea09399ac66e136fef36077713bd1d55"
url = "https://github.com/budimanjojo/talhelper/releases/download/v3.1.14/talhelper_linux_amd64.tar.gz"
url_api = "https://api.github.com/repos/budimanjojo/talhelper/releases/assets/485776037"

[tools.talhelper."platforms.linux-x64-musl"]
checksum = "sha256:6a305200df6a9198eead9e7137514c01ea09399ac66e136fef36077713bd1d55"
url = "https://github.com/budimanjojo/talhelper/releases/download/v3.1.14/talhelper_linux_amd64.tar.gz"
url_api = "https://api.github.com/repos/budimanjojo/talhelper/releases/assets/485776037"

[tools.talhelper."platforms.macos-arm64"]
checksum = "sha256:3fb09967bcae46b3925eca314e569371fd13bea9c84f6540876fac07b730df28"
url = "https://github.com/budimanjojo/talhelper/releases/download/v3.1.14/talhelper_darwin_arm64.tar.gz"
url_api = "https://api.github.com/repos/budimanjojo/talhelper/releases/assets/485776036"

[tools.talhelper."platforms.macos-x64"]
checksum = "sha256:dd51c15eff55f94c8408819a956bcbf1fc9f4bf300db9b3b18d6603f5b8b8425"
url = "https://github.com/budimanjojo/talhelper/releases/download/v3.1.14/talhelper_darwin_amd64.tar.gz"
url_api = "https://api.github.com/repos/budimanjojo/talhelper/releases/assets/485776049"

[tools.talhelper."platforms.windows-x64"]
checksum = "sha256:85952d65563fc5cd7b6c652d0949e359f123e283dc9819f9038d395eec900840"
url = "https://github.com/budimanjojo/talhelper/releases/download/v3.1.14/talhelper_windows_amd64.tar.gz"
url_api = "https://api.github.com/repos/budimanjojo/talhelper/releases/assets/485776039"

[[tools.talosctl]]
version = "1.13.7"
backend = "aqua:siderolabs/talos"

[tools.talosctl."platforms.linux-arm64"]
checksum = "sha256:756ef525dbff50bcaa67750fce70efbef2899ec87c87468914a8390ce292b1d4"
url = "https://github.com/siderolabs/talos/releases/download/v1.13.7/talosctl-linux-arm64"
url_api = "https://api.github.com/repos/siderolabs/talos/releases/assets/484644288"
provenance = "cosign"

[tools.talosctl."platforms.linux-arm64-musl"]
checksum = "sha256:756ef525dbff50bcaa67750fce70efbef2899ec87c87468914a8390ce292b1d4"
url = "https://github.com/siderolabs/talos/releases/download/v1.13.7/talosctl-linux-arm64"
url_api = "https://api.github.com/repos/siderolabs/talos/releases/assets/484644288"
provenance = "cosign"

[tools.talosctl."platforms.linux-x64"]
checksum = "sha256:97d08e5584e56114659f131e95e227910d1f3b427d26360dca2af3ed821b71f8"
url = "https://github.com/siderolabs/talos/releases/download/v1.13.7/talosctl-linux-amd64"
url_api = "https://api.github.com/repos/siderolabs/talos/releases/assets/484644296"
provenance = "cosign"

[tools.talosctl."platforms.linux-x64-musl"]
checksum = "sha256:97d08e5584e56114659f131e95e227910d1f3b427d26360dca2af3ed821b71f8"
url = "https://github.com/siderolabs/talos/releases/download/v1.13.7/talosctl-linux-amd64"
url_api = "https://api.github.com/repos/siderolabs/talos/releases/assets/484644296"
provenance = "cosign"

[tools.talosctl."platforms.macos-arm64"]
checksum = "sha256:8965b026f416a25147b99530721c25fc2616c4fa655480673bcb63eb7f0de331"
url = "https://github.com/siderolabs/talos/releases/download/v1.13.7/talosctl-darwin-arm64"
url_api = "https://api.github.com/repos/siderolabs/talos/releases/assets/484644319"
provenance = "cosign"

[tools.talosctl."platforms.macos-x64"]
checksum = "sha256:0e4b75ee78da180103aceda6da9c906bd2cba48cd7c7c2e9049776445beab688"
url = "https://github.com/siderolabs/talos/releases/download/v1.13.7/talosctl-darwin-amd64"
url_api = "https://api.github.com/repos/siderolabs/talos/releases/assets/484644291"
provenance = "cosign"

[tools.talosctl."platforms.windows-x64"]
checksum = "sha256:a42fb71c4f8d5b6148ac996b109bce708986e44354910c3a533942342536e958"
url = "https://github.com/siderolabs/talos/releases/download/v1.13.7/talosctl-windows-amd64.exe"
url_api = "https://api.github.com/repos/siderolabs/talos/releases/assets/484644290"
provenance = "cosign"
